
Microsoft Visual Studio Solution File, Format Version 12.00
# Visual Studio Version 16
VisualStudioVersion = 16.0.33423.256
MinimumVisualStudioVersion = 10.0.40219.1
Project("{9A19103F-16F7-4668-BE54-9A1E7A4F7556}") = "AkademiPlusApi.PresentationLayer", "AkademiPlusApi.PresentationLayer\AkademiPlusApi.PresentationLayer.csproj", "{93884E78-68E8-4D55-9549-810D208188DF}"
EndProject
Project("{9A19103F-16F7-4668-BE54-9A1E7A4F7556}") = "AkademiPlusApi.EntityLayer", "AkademiPlusApi.EntityLayer\AkademiPlusApi.EntityLayer.csproj", "{2A9A520D-E7B1-4E6F-8D6D-865D16CC65DC}"
EndProject
Project("{9A19103F-16F7-4668-BE54-9A1E7A4F7556}") = "AkademiPlusApi.DataAccessLayer", "AkademiPlusApi.DataAccessLayer\AkademiPlusApi.DataAccessLayer.csproj", "{6FDA1ADD-ED28-4F5C-A1DA-0E058848E53E}"
EndProject
Project("{9A19103F-16F7-4668-BE54-9A1E7A4F7556}") = "AkademiPlusApi.BusinessLayer", "AkademiPlusApi.BusinessLayer\AkademiPlusApi.BusinessLayer.csproj", "{34C93A86-F14B-4F58-A121-CCEF3C065EE3}"
EndProject
Project("{9A19103F-16F7-4668-BE54-9A1E7A4F7556}") = "AkademiPlusApi.ConsumeLayer", "AkademiPlusApi.ConsumeLayer\AkademiPlusApi.ConsumeLayer.csproj", "{DB5DA0D1-0CD4-47CD-8B46-0072CFF5F96D}"
EndProject
Project("{FAE04EC0-301F-11D3-BF4B-00C04F79EFBC}") = "AkademiPlusApiProject.RapidApi", "AkademiPlusApiProject.RapidApi\AkademiPlusApiProject.RapidApi.csproj", "{AF09A5B6-0046-4691-8D79-7BFCDCC37891}"
EndProject
Global
	GlobalSection(SolutionConfigurationPlatforms) = preSolution
		Debug|Any CPU = Debug|Any CPU
		Release|Any CPU = Release|Any CPU
	EndGlobalSection
	GlobalSection(ProjectConfigurationPlatforms) = postSolution
		{93884E78-68E8-4D55-9549-810D208188DF}.Debug|Any CPU.ActiveCfg = Debug|Any CPU
		{93884E78-68E8-4D55-9549-810D208188DF}.Debug|Any CPU.Build.0 = Debug|Any CPU
		{93884E78-68E8-4D55-9549-810D208188DF}.Release|Any CPU.ActiveCfg = Release|Any CPU
		{93884E78-68E8-4D55-9549-810D208188DF}.Release|Any CPU.Build.0 = Release|Any CPU
		{2A9A520D-E7B1-4E6F-8D6D-865D16CC65DC}.Debug|Any CPU.ActiveCfg = Debug|Any CPU
		{2A9A520D-E7B1-4E6F-8D6D-865D16CC65DC}.Debug|Any CPU.Build.0 = Debug|Any CPU
		{2A9A520D-E7B1-4E6F-8D6D-865D16CC65DC}.Release|Any CPU.ActiveCfg = Release|Any CPU
		{2A9A520D-E7B1-4E6F-8D6D-865D16CC65DC}.Release|Any CPU.Build.0 = Release|Any CPU
		{6FDA1ADD-ED28-4F5C-A1DA-0E058848E53E}.Debug|Any CPU.ActiveCfg = Debug|Any CPU
		{6FDA1ADD-ED28-4F5C-A1DA-0E058848E53E}.Debug|Any CPU.Build.0 = Debug|Any CPU
		{6FDA1ADD-ED28-4F5C-A1DA-0E058848E53E}.Release|Any CPU.ActiveCfg = Release|Any CPU
		{6FDA1ADD-ED28-4F5C-A1DA-0E058848E53E}.Release|Any CPU.Build.0 = Release|Any CPU
		{34C93A86-F14B-4F58-A121-CCEF3C065EE3}.Debug|Any CPU.ActiveCfg = Debug|Any CPU
		{34C93A86-F14B-4F58-A121-CCEF3C065EE3}.Debug|Any CPU.Build.0 = Debug|Any CPU
		{34C93A86-F14B-4F58-A121-CCEF3C065EE3}.Release|Any CPU.ActiveCfg = Release|Any CPU
		{34C93A86-F14B-4F58-A121-CCEF3C065EE3}.Release|Any CPU.Build.0 = Release|Any CPU
		{DB5DA0D1-0CD4-47CD-8B46-0072CFF5F96D}.Debug|Any CPU.ActiveCfg = Debug|Any CPU
		{DB5DA0D1-0CD4-47CD-8B46-0072CFF5F96D}.Debug|Any CPU.Build.0 = Debug|Any CPU
		{DB5DA0D1-0CD4-47CD-8B46-0072CFF5F96D}.Release|Any CPU.ActiveCfg = Release|Any CPU
		{DB5DA0D1-0CD4-47CD-8B46-0072CFF5F96D}.Release|Any CPU.Build.0 = Release|Any CPU
		{AF09A5B6-0046-4691-8D79-7BFCDCC37891}.Debug|Any CPU.ActiveCfg = Debug|Any CPU
		{AF09A5B6-0046-4691-8D79-7BFCDCC37891}.Debug|Any CPU.Build.0 = Debug|Any CPU
		{AF09A5B6-0046-4691-8D79-7BFCDCC37891}.Release|Any CPU.ActiveCfg = Release|Any CPU
		{AF09A5B6-0046-4691-8D79-7BFCDCC37891}.Release|Any CPU.Build.0 = Release|Any CPU
	EndGlobalSection
	GlobalSection(SolutionProperties) = preSolution
		HideSolutionNode = FALSE
	EndGlobalSection
	GlobalSection(ExtensibilityGlobals) = postSolution
		SolutionGuid = {EFA63E59-C811-4C4C-B41F-64A9B0CAE72C}
	EndGlobalSection
EndGlobal
